<?xml version="1.0" encoding="utf-8"?>
<Project ToolsVersion="17.0" xmlns="http://schemas.microsoft.com/developer/msbuild/2003">
  <ItemGroup>
    <ClCompile Include="A:\C++\UNIPD\PROGETTO-FINALE-GHIDONI\src\main.cpp">
      <Filter>Source Files</Filter>
    </ClCompile>
    <ClCompile Include="A:\C++\UNIPD\PROGETTO-FINALE-GHIDONI\src\AutomaticDevice.cpp">
      <Filter>Source Files</Filter>
    </ClCompile>
    <ClCompile Include="A:\C++\UNIPD\PROGETTO-FINALE-GHIDONI\src\ManualDevice.cpp">
      <Filter>Source Files</Filter>
    </ClCompile>
    <ClCompile Include="A:\C++\UNIPD\PROGETTO-FINALE-GHIDONI\src\Device.cpp">
      <Filter>Source Files</Filter>
    </ClCompile>
    <ClCompile Include="A:\C++\UNIPD\PROGETTO-FINALE-GHIDONI\src\DeviceManager.cpp">
      <Filter>Source Files</Filter>
    </ClCompile>
    <ClCompile Include="A:\C++\UNIPD\PROGETTO-FINALE-GHIDONI\src\CustomTime.cpp">
      <Filter>Source Files</Filter>
    </ClCompile>
  </ItemGroup>
  <ItemGroup>
    <CustomBuild Include="A:\C++\UNIPD\PROGETTO-FINALE-GHIDONI\CMakeLists.txt" />
  </ItemGroup>
  <ItemGroup>
    <Filter Include="Source Files">
      <UniqueIdentifier>{318B13E6-3D12-3F13-AC1A-C9089509039A}</UniqueIdentifier>
    </Filter>
  </ItemGroup>
</Project>
